// !$*UTF8*$!
{
	archiveVersion = 1;
	classes = {
	};
	objectVersion = 46;
	objects = {

/* Begin PBXBuildFile section */
		B02174D21C6D57110087D5A3 /* Localizable.strings in Resources */ = {isa = PBXBuildFile; fileRef = B02174D41C6D57110087D5A3 /* Localizable.strings */; };
		B02BBCEE1CA7069F00030822 /* StoreKit.framework in Frameworks */ = {isa = PBXBuildFile; fileRef = B02BBCED1CA7069F00030822 /* StoreKit.framework */; };
		B03C467B1C66F21400B66CBD /* ItemDetailViewController.swift in Sources */ = {isa = PBXBuildFile; fileRef = B03C467A1C66F21400B66CBD /* ItemDetailViewController.swift */; };
		B03C467D1C66F34D00B66CBD /* ItemDetailPresentationController.swift in Sources */ = {isa = PBXBuildFile; fileRef = B03C467C1C66F34D00B66CBD /* ItemDetailPresentationController.swift */; };
		B03C467F1C66F3BA00B66CBD /* ItemDetailTransitioningDelegate.swift in Sources */ = {isa = PBXBuildFile; fileRef = B03C467E1C66F3BA00B66CBD /* ItemDetailTransitioningDelegate.swift */; };
		B03C46811C66F43800B66CBD /* ItemDetailAnimatedTransitioning.swift in Sources */ = {isa = PBXBuildFile; fileRef = B03C46801C66F43800B66CBD /* ItemDetailAnimatedTransitioning.swift */; };
		B06836A21CAB1A7200422742 /* AddButton.swift in Sources */ = {isa = PBXBuildFile; fileRef = B06836A11CAB1A7200422742 /* AddButton.swift */; };
		B07828981C36000B009D356F /* ListCell.swift in Sources */ = {isa = PBXBuildFile; fileRef = B07828971C36000B009D356F /* ListCell.swift */; };
		B078289A1C360020009D356F /* ItemCell.swift in Sources */ = {isa = PBXBuildFile; fileRef = B07828991C360020009D356F /* ItemCell.swift */; };
		B07AB8A21C6BCF99001F8F81 /* CheckBox.swift in Sources */ = {isa = PBXBuildFile; fileRef = B07AB8A11C6BCF99001F8F81 /* CheckBox.swift */; };
		B07CCC7B1CA1985A00CBCFC1 /* CloudKit.framework in Frameworks */ = {isa = PBXBuildFile; fileRef = B07CCC7A1CA1985A00CBCFC1 /* CloudKit.framework */; };
		B07CCC7E1CA1A76500CBCFC1 /* AboutViewController.swift in Sources */ = {isa = PBXBuildFile; fileRef = B07CCC7C1CA1A76500CBCFC1 /* AboutViewController.swift */; };
		B07CCC7F1CA1A76500CBCFC1 /* AboutViewController.xib in Resources */ = {isa = PBXBuildFile; fileRef = B07CCC7D1CA1A76500CBCFC1 /* AboutViewController.xib */; };
		B0854A891C3895DA00B9D2F7 /* CategoryCell.swift in Sources */ = {isa = PBXBuildFile; fileRef = B0854A881C3895DA00B9D2F7 /* CategoryCell.swift */; };
		B0930D5E1C63C951007EBAA0 /* iAd.framework in Frameworks */ = {isa = PBXBuildFile; fileRef = B0930D5D1C63C951007EBAA0 /* iAd.framework */; };
		B0930D6A1C652DA5007EBAA0 /* SettingsViewController.swift in Sources */ = {isa = PBXBuildFile; fileRef = B0930D691C652DA5007EBAA0 /* SettingsViewController.swift */; };
		B0930D6C1C652DE9007EBAA0 /* SettingsPresentationController.swift in Sources */ = {isa = PBXBuildFile; fileRef = B0930D6B1C652DE9007EBAA0 /* SettingsPresentationController.swift */; };
		B0930D6E1C652E16007EBAA0 /* SettingsAnimatedTransitioning.swift in Sources */ = {isa = PBXBuildFile; fileRef = B0930D6D1C652E16007EBAA0 /* SettingsAnimatedTransitioning.swift */; };
		B0930D701C652E3E007EBAA0 /* SettingsTransitioningDelegate.swift in Sources */ = {isa = PBXBuildFile; fileRef = B0930D6F1C652E3E007EBAA0 /* SettingsTransitioningDelegate.swift */; };
		B0A1BCDB1CC2C6C700F4F0B1 /* AppSettingsViewController.swift in Sources */ = {isa = PBXBuildFile; fileRef = B0A1BCD91CC2C6C700F4F0B1 /* AppSettingsViewController.swift */; };
		B0A1BCDC1CC2C6C700F4F0B1 /* AppSettingsViewController.xib in Resources */ = {isa = PBXBuildFile; fileRef = B0A1BCDA1CC2C6C700F4F0B1 /* AppSettingsViewController.xib */; };
		B0A1BCDF1CC4142700F4F0B1 /* UpgradeViewController.swift in Sources */ = {isa = PBXBuildFile; fileRef = B0A1BCDD1CC4142700F4F0B1 /* UpgradeViewController.swift */; };
		B0A1BCE01CC4142700F4F0B1 /* UpgradeViewController.xib in Resources */ = {isa = PBXBuildFile; fileRef = B0A1BCDE1CC4142700F4F0B1 /* UpgradeViewController.xib */; };
		B0A3026C1C349F7A00F6FB44 /* AppDelegate.swift in Sources */ = {isa = PBXBuildFile; fileRef = B0A3026B1C349F7A00F6FB44 /* AppDelegate.swift */; };
		B0A302711C349F7A00F6FB44 /* Main.storyboard in Resources */ = {isa = PBXBuildFile; fileRef = B0A3026F1C349F7A00F6FB44 /* Main.storyboard */; };
		B0A302731C349F7A00F6FB44 /* Assets.xcassets in Resources */ = {isa = PBXBuildFile; fileRef = B0A302721C349F7A00F6FB44 /* Assets.xcassets */; };
		B0A302761C349F7A00F6FB44 /* LaunchScreen.storyboard in Resources */ = {isa = PBXBuildFile; fileRef = B0A302741C349F7A00F6FB44 /* LaunchScreen.storyboard */; };
		B0A3027E1C34A1C800F6FB44 /* ListViewController.swift in Sources */ = {isa = PBXBuildFile; fileRef = B0A3027D1C34A1C800F6FB44 /* ListViewController.swift */; };
		B0A302801C34A31C00F6FB44 /* ItemViewController.swift in Sources */ = {isa = PBXBuildFile; fileRef = B0A3027F1C34A31C00F6FB44 /* ItemViewController.swift */; };
		B0A302881C35915B00F6FB44 /* ListData.swift in Sources */ = {isa = PBXBuildFile; fileRef = B0A302871C35915B00F6FB44 /* ListData.swift */; };
		B0EC54D61CBFF5BD0017553B /* RealListProducts.swift in Sources */ = {isa = PBXBuildFile; fileRef = B0EC54D51CBFF5BD0017553B /* RealListProducts.swift */; };
		B0EC54D81CBFF7100017553B /* IAPHelper.swift in Sources */ = {isa = PBXBuildFile; fileRef = B0EC54D71CBFF7100017553B /* IAPHelper.swift */; };
		B0FF8C351C4AE2B000C0A33C /* AddItemCell.swift in Sources */ = {isa = PBXBuildFile; fileRef = B0FF8C341C4AE2B000C0A33C /* AddItemCell.swift */; };
		B0FF8C371C4AE58900C0A33C /* AddListCell.swift in Sources */ = {isa = PBXBuildFile; fileRef = B0FF8C361C4AE58900C0A33C /* AddListCell.swift */; };
/* End PBXBuildFile section */

/* Begin PBXFileReference section */
		B0026FDB1CA5AE2800DA1785 /* EnList_Development_Profile.mobileprovision */ = {isa = PBXFileReference; lastKnownFileType = file; name = EnList_Development_Profile.mobileprovision; path = ../../../../../../Downloads/EnList_Development_Profile.mobileprovision; sourceTree = "<group>"; };
		B02174CC1C6D52B20087D5A3 /* fr */ = {isa = PBXFileReference; lastKnownFileType = text.plist.strings; name = fr; path = fr.lproj/Main.strings; sourceTree = "<group>"; };
		B02174CD1C6D52B20087D5A3 /* fr */ = {isa = PBXFileReference; lastKnownFileType = text.plist.strings; name = fr; path = fr.lproj/LaunchScreen.strings; sourceTree = "<group>"; };
		B02174CE1C6D52B80087D5A3 /* de */ = {isa = PBXFileReference; lastKnownFileType = text.plist.strings; name = de; path = de.lproj/Main.strings; sourceTree = "<group>"; };
		B02174CF1C6D52B80087D5A3 /* de */ = {isa = PBXFileReference; lastKnownFileType = text.plist.strings; name = de; path = de.lproj/LaunchScreen.strings; sourceTree = "<group>"; };
		B02174D31C6D57110087D5A3 /* en */ = {isa = PBXFileReference; lastKnownFileType = text.plist.strings; name = en; path = en.lproj/Localizable.strings; sourceTree = "<group>"; };
		B02174D51C6D571D0087D5A3 /* fr */ = {isa = PBXFileReference; lastKnownFileType = text.plist.strings; name = fr; path = fr.lproj/Localizable.strings; sourceTree = "<group>"; };
		B02174D61C6D571E0087D5A3 /* de */ = {isa = PBXFileReference; lastKnownFileType = text.plist.strings; name = de; path = de.lproj/Localizable.strings; sourceTree = "<group>"; };
		B02174D71C6D7D2F0087D5A3 /* es */ = {isa = PBXFileReference; lastKnownFileType = text.plist.strings; name = es; path = es.lproj/Main.strings; sourceTree = "<group>"; };
		B02174D81C6D7D2F0087D5A3 /* es */ = {isa = PBXFileReference; lastKnownFileType = text.plist.strings; name = es; path = es.lproj/LaunchScreen.strings; sourceTree = "<group>"; };
		B02174D91C6D7D2F0087D5A3 /* es */ = {isa = PBXFileReference; lastKnownFileType = text.plist.strings; name = es; path = es.lproj/Localizable.strings; sourceTree = "<group>"; };
		B02174DA1C6D7D370087D5A3 /* it */ = {isa = PBXFileReference; lastKnownFileType = text.plist.strings; name = it; path = it.lproj/Main.strings; sourceTree = "<group>"; };
		B02174DB1C6D7D370087D5A3 /* it */ = {isa = PBXFileReference; lastKnownFileType = text.plist.strings; name = it; path = it.lproj/LaunchScreen.strings; sourceTree = "<group>"; };
		B02174DC1C6D7D380087D5A3 /* it */ = {isa = PBXFileReference; lastKnownFileType = text.plist.strings; name = it; path = it.lproj/Localizable.strings; sourceTree = "<group>"; };
		B02174DD1C6D7D560087D5A3 /* ko */ = {isa = PBXFileReference; lastKnownFileType = text.plist.strings; name = ko; path = ko.lproj/Main.strings; sourceTree = "<group>"; };
		B02174DE1C6D7D560087D5A3 /* ko */ = {isa = PBXFileReference; lastKnownFileType = text.plist.strings; name = ko; path = ko.lproj/LaunchScreen.strings; sourceTree = "<group>"; };
		B02174DF1C6D7D560087D5A3 /* ko */ = {isa = PBXFileReference; lastKnownFileType = text.plist.strings; name = ko; path = ko.lproj/Localizable.strings; sourceTree = "<group>"; };
		B02174E01C6D7D5F0087D5A3 /* ja */ = {isa = PBXFileReference; lastKnownFileType = text.plist.strings; name = ja; path = ja.lproj/Main.strings; sourceTree = "<group>"; };
		B02174E11C6D7D5F0087D5A3 /* ja */ = {isa = PBXFileReference; lastKnownFileType = text.plist.strings; name = ja; path = ja.lproj/LaunchScreen.strings; sourceTree = "<group>"; };
		B02174E21C6D7D5F0087D5A3 /* ja */ = {isa = PBXFileReference; lastKnownFileType = text.plist.strings; name = ja; path = ja.lproj/Localizable.strings; sourceTree = "<group>"; };
		B02174E31C6D7D9C0087D5A3 /* zh-Hans */ = {isa = PBXFileReference; lastKnownFileType = text.plist.strings; name = "zh-Hans"; path = "zh-Hans.lproj/Main.strings"; sourceTree = "<group>"; };
		B02174E41C6D7D9C0087D5A3 /* zh-Hans */ = {isa = PBXFileReference; lastKnownFileType = text.plist.strings; name = "zh-Hans"; path = "zh-Hans.lproj/LaunchScreen.strings"; sourceTree = "<group>"; };
		B02174E51C6D7D9C0087D5A3 /* zh-Hans */ = {isa = PBXFileReference; lastKnownFileType = text.plist.strings; name = "zh-Hans"; path = "zh-Hans.lproj/Localizable.strings"; sourceTree = "<group>"; };
		B02174E61C6D7DB90087D5A3 /* da */ = {isa = PBXFileReference; lastKnownFileType = text.plist.strings; name = da; path = da.lproj/Main.strings; sourceTree = "<group>"; };
		B02174E71C6D7DB90087D5A3 /* da */ = {isa = PBXFileReference; lastKnownFileType = text.plist.strings; name = da; path = da.lproj/LaunchScreen.strings; sourceTree = "<group>"; };
		B02174E81C6D7DB90087D5A3 /* da */ = {isa = PBXFileReference; lastKnownFileType = text.plist.strings; name = da; path = da.lproj/Localizable.strings; sourceTree = "<group>"; };
		B02174E91C6D7DC20087D5A3 /* nl */ = {isa = PBXFileReference; lastKnownFileType = text.plist.strings; name = nl; path = nl.lproj/Main.strings; sourceTree = "<group>"; };
		B02174EA1C6D7DC20087D5A3 /* nl */ = {isa = PBXFileReference; lastKnownFileType = text.plist.strings; name = nl; path = nl.lproj/LaunchScreen.strings; sourceTree = "<group>"; };
		B02174EB1C6D7DC20087D5A3 /* nl */ = {isa = PBXFileReference; lastKnownFileType = text.plist.strings; name = nl; path = nl.lproj/Localizable.strings; sourceTree = "<group>"; };
		B02174EC1C6D7DC70087D5A3 /* fi */ = {isa = PBXFileReference; lastKnownFileType = text.plist.strings; name = fi; path = fi.lproj/Main.strings; sourceTree = "<group>"; };
		B02174ED1C6D7DC70087D5A3 /* fi */ = {isa = PBXFileReference; lastKnownFileType = text.plist.strings; name = fi; path = fi.lproj/LaunchScreen.strings; sourceTree = "<group>"; };
		B02174EE1C6D7DC70087D5A3 /* fi */ = {isa = PBXFileReference; lastKnownFileType = text.plist.strings; name = fi; path = fi.lproj/Localizable.strings; sourceTree = "<group>"; };
		B02174EF1C6D7DD20087D5A3 /* nb */ = {isa = PBXFileReference; lastKnownFileType = text.plist.strings; name = nb; path = nb.lproj/Main.strings; sourceTree = "<group>"; };
		B02174F01C6D7DD20087D5A3 /* nb */ = {isa = PBXFileReference; lastKnownFileType = text.plist.strings; name = nb; path = nb.lproj/LaunchScreen.strings; sourceTree = "<group>"; };
		B02174F11C6D7DD20087D5A3 /* nb */ = {isa = PBXFileReference; lastKnownFileType = text.plist.strings; name = nb; path = nb.lproj/Localizable.strings; sourceTree = "<group>"; };
		B02174F21C6D7DD90087D5A3 /* sv */ = {isa = PBXFileReference; lastKnownFileType = text.plist.strings; name = sv; path = sv.lproj/Main.strings; sourceTree = "<group>"; };
		B02174F31C6D7DD90087D5A3 /* sv */ = {isa = PBXFileReference; lastKnownFileType = text.plist.strings; name = sv; path = sv.lproj/LaunchScreen.strings; sourceTree = "<group>"; };
		B02174F41C6D7DD90087D5A3 /* sv */ = {isa = PBXFileReference; lastKnownFileType = text.plist.strings; name = sv; path = sv.lproj/Localizable.strings; sourceTree = "<group>"; };
		B02174F51C6D7DDD0087D5A3 /* ru */ = {isa = PBXFileReference; lastKnownFileType = text.plist.strings; name = ru; path = ru.lproj/Main.strings; sourceTree = "<group>"; };
		B02174F61C6D7DDD0087D5A3 /* ru */ = {isa = PBXFileReference; lastKnownFileType = text.plist.strings; name = ru; path = ru.lproj/LaunchScreen.strings; sourceTree = "<group>"; };
		B02174F71C6D7DDD0087D5A3 /* ru */ = {isa = PBXFileReference; lastKnownFileType = text.plist.strings; name = ru; path = ru.lproj/Localizable.strings; sourceTree = "<group>"; };
		B02174F81C6D7DE20087D5A3 /* pl */ = {isa = PBXFileReference; lastKnownFileType = text.plist.strings; name = pl; path = pl.lproj/Main.strings; sourceTree = "<group>"; };
		B02174F91C6D7DE20087D5A3 /* pl */ = {isa = PBXFileReference; lastKnownFileType = text.plist.strings; name = pl; path = pl.lproj/LaunchScreen.strings; sourceTree = "<group>"; };
		B02174FA1C6D7DE20087D5A3 /* pl */ = {isa = PBXFileReference; lastKnownFileType = text.plist.strings; name = pl; path = pl.lproj/Localizable.strings; sourceTree = "<group>"; };
		B02174FB1C6D7DEE0087D5A3 /* he */ = {isa = PBXFileReference; lastKnownFileType = text.plist.strings; name = he; path = he.lproj/Main.strings; sourceTree = "<group>"; };
		B02174FC1C6D7DEE0087D5A3 /* he */ = {isa = PBXFileReference; lastKnownFileType = text.plist.strings; name = he; path = he.lproj/LaunchScreen.strings; sourceTree = "<group>"; };
		B02174FD1C6D7DEE0087D5A3 /* he */ = {isa = PBXFileReference; lastKnownFileType = text.plist.strings; name = he; path = he.lproj/Localizable.strings; sourceTree = "<group>"; };
		B02174FE1C6D7DF80087D5A3 /* el */ = {isa = PBXFileReference; lastKnownFileType = text.plist.strings; name = el; path = el.lproj/Main.strings; sourceTree = "<group>"; };
		B02174FF1C6D7DF80087D5A3 /* el */ = {isa = PBXFileReference; lastKnownFileType = text.plist.strings; name = el; path = el.lproj/LaunchScreen.strings; sourceTree = "<group>"; };
		B02175001C6D7DF80087D5A3 /* el */ = {isa = PBXFileReference; lastKnownFileType = text.plist.strings; name = el; path = el.lproj/Localizable.strings; sourceTree = "<group>"; };
		B02175011C6D7E070087D5A3 /* ar */ = {isa = PBXFileReference; lastKnownFileType = text.plist.strings; name = ar; path = ar.lproj/Main.strings; sourceTree = "<group>"; };
		B02175021C6D7E070087D5A3 /* ar */ = {isa = PBXFileReference; lastKnownFileType = text.plist.strings; name = ar; path = ar.lproj/LaunchScreen.strings; sourceTree = "<group>"; };
		B02175031C6D7E070087D5A3 /* ar */ = {isa = PBXFileReference; lastKnownFileType = text.plist.strings; name = ar; path = ar.lproj/Localizable.strings; sourceTree = "<group>"; };
		B021751C1C6D7F4C0087D5A3 /* pt-BR */ = {isa = PBXFileReference; lastKnownFileType = text.plist.strings; name = "pt-BR"; path = "pt-BR.lproj/Main.strings"; sourceTree = "<group>"; };
		B021751D1C6D7F4D0087D5A3 /* pt-BR */ = {isa = PBXFileReference; lastKnownFileType = text.plist.strings; name = "pt-BR"; path = "pt-BR.lproj/LaunchScreen.strings"; sourceTree = "<group>"; };
		B021751E1C6D7F4D0087D5A3 /* pt-BR */ = {isa = PBXFileReference; lastKnownFileType = text.plist.strings; name = "pt-BR"; path = "pt-BR.lproj/Localizable.strings"; sourceTree = "<group>"; };
		B021751F1C6E46830087D5A3 /* ms */ = {isa = PBXFileReference; lastKnownFileType = text.plist.strings; name = ms; path = ms.lproj/Main.strings; sourceTree = "<group>"; };
		B02175201C6E46830087D5A3 /* ms */ = {isa = PBXFileReference; lastKnownFileType = text.plist.strings; name = ms; path = ms.lproj/LaunchScreen.strings; sourceTree = "<group>"; };
		B02175211C6E46830087D5A3 /* ms */ = {isa = PBXFileReference; lastKnownFileType = text.plist.strings; name = ms; path = ms.lproj/Localizable.strings; sourceTree = "<group>"; };
		B02BBCED1CA7069F00030822 /* StoreKit.framework */ = {isa = PBXFileReference; lastKnownFileType = wrapper.framework; name = StoreKit.framework; path = System/Library/Frameworks/StoreKit.framework; sourceTree = SDKROOT; };
		B03C467A1C66F21400B66CBD /* ItemDetailViewController.swift */ = {isa = PBXFileReference; fileEncoding = 4; lastKnownFileType = sourcecode.swift; path = ItemDetailViewController.swift; sourceTree = "<group>"; };
		B03C467C1C66F34D00B66CBD /* ItemDetailPresentationController.swift */ = {isa = PBXFileReference; fileEncoding = 4; lastKnownFileType = sourcecode.swift; name = ItemDetailPresentationController.swift; path = ../ItemDetailPresentationController.swift; sourceTree = "<group>"; };
		B03C467E1C66F3BA00B66CBD /* ItemDetailTransitioningDelegate.swift */ = {isa = PBXFileReference; fileEncoding = 4; lastKnownFileType = sourcecode.swift; name = ItemDetailTransitioningDelegate.swift; path = ../ItemDetailTransitioningDelegate.swift; sourceTree = "<group>"; };
		B03C46801C66F43800B66CBD /* ItemDetailAnimatedTransitioning.swift */ = {isa = PBXFileReference; fileEncoding = 4; lastKnownFileType = sourcecode.swift; path = ItemDetailAnimatedTransitioning.swift; sourceTree = "<group>"; };
		B06836A11CAB1A7200422742 /* AddButton.swift */ = {isa = PBXFileReference; fileEncoding = 4; lastKnownFileType = sourcecode.swift; name = AddButton.swift; path = ../AddButton.swift; sourceTree = "<group>"; };
		B07828971C36000B009D356F /* ListCell.swift */ = {isa = PBXFileReference; fileEncoding = 4; lastKnownFileType = sourcecode.swift; path = ListCell.swift; sourceTree = "<group>"; };
		B07828991C360020009D356F /* ItemCell.swift */ = {isa = PBXFileReference; fileEncoding = 4; lastKnownFileType = sourcecode.swift; path = ItemCell.swift; sourceTree = "<group>"; };
		B07AB8A11C6BCF99001F8F81 /* CheckBox.swift */ = {isa = PBXFileReference; fileEncoding = 4; lastKnownFileType = sourcecode.swift; path = CheckBox.swift; sourceTree = "<group>"; };
		B07CCC791CA197E700CBCFC1 /* EnList.entitlements */ = {isa = PBXFileReference; lastKnownFileType = text.xml; path = EnList.entitlements; sourceTree = SOURCE_ROOT; };
		B07CCC7A1CA1985A00CBCFC1 /* CloudKit.framework */ = {isa = PBXFileReference; lastKnownFileType = wrapper.framework; name = CloudKit.framework; path = System/Library/Frameworks/CloudKit.framework; sourceTree = SDKROOT; };
		B07CCC7C1CA1A76500CBCFC1 /* AboutViewController.swift */ = {isa = PBXFileReference; fileEncoding = 4; lastKnownFileType = sourcecode.swift; name = AboutViewController.swift; path = ../AboutViewController.swift; sourceTree = "<group>"; };
		B07CCC7D1CA1A76500CBCFC1 /* AboutViewController.xib */ = {isa = PBXFileReference; fileEncoding = 4; lastKnownFileType = file.xib; name = AboutViewController.xib; path = ../AboutViewController.xib; sourceTree = "<group>"; };
		B0854A881C3895DA00B9D2F7 /* CategoryCell.swift */ = {isa = PBXFileReference; fileEncoding = 4; lastKnownFileType = sourcecode.swift; path = CategoryCell.swift; sourceTree = "<group>"; };
		B0930D5D1C63C951007EBAA0 /* iAd.framework */ = {isa = PBXFileReference; lastKnownFileType = wrapper.framework; name = iAd.framework; path = System/Library/Frameworks/iAd.framework; sourceTree = SDKROOT; };
		B0930D691C652DA5007EBAA0 /* SettingsViewController.swift */ = {isa = PBXFileReference; fileEncoding = 4; lastKnownFileType = sourcecode.swift; path = SettingsViewController.swift; sourceTree = "<group>"; };
		B0930D6B1C652DE9007EBAA0 /* SettingsPresentationController.swift */ = {isa = PBXFileReference; fileEncoding = 4; lastKnownFileType = sourcecode.swift; path = SettingsPresentationController.swift; sourceTree = "<group>"; };
		B0930D6D1C652E16007EBAA0 /* SettingsAnimatedTransitioning.swift */ = {isa = PBXFileReference; fileEncoding = 4; lastKnownFileType = sourcecode.swift; path = SettingsAnimatedTransitioning.swift; sourceTree = "<group>"; };
		B0930D6F1C652E3E007EBAA0 /* SettingsTransitioningDelegate.swift */ = {isa = PBXFileReference; fileEncoding = 4; lastKnownFileType = sourcecode.swift; path = SettingsTransitioningDelegate.swift; sourceTree = "<group>"; };
		B0A1BCD91CC2C6C700F4F0B1 /* AppSettingsViewController.swift */ = {isa = PBXFileReference; fileEncoding = 4; lastKnownFileType = sourcecode.swift; name = AppSettingsViewController.swift; path = ../AppSettingsViewController.swift; sourceTree = "<group>"; };
		B0A1BCDA1CC2C6C700F4F0B1 /* AppSettingsViewController.xib */ = {isa = PBXFileReference; fileEncoding = 4; lastKnownFileType = file.xib; name = AppSettingsViewController.xib; path = ../AppSettingsViewController.xib; sourceTree = "<group>"; };
		B0A1BCDD1CC4142700F4F0B1 /* UpgradeViewController.swift */ = {isa = PBXFileReference; fileEncoding = 4; lastKnownFileType = sourcecode.swift; path = UpgradeViewController.swift; sourceTree = "<group>"; };
		B0A1BCDE1CC4142700F4F0B1 /* UpgradeViewController.xib */ = {isa = PBXFileReference; fileEncoding = 4; lastKnownFileType = file.xib; path = UpgradeViewController.xib; sourceTree = "<group>"; };
		B0A302681C349F7A00F6FB44 /* EnList.app */ = {isa = PBXFileReference; explicitFileType = wrapper.application; includeInIndex = 0; path = EnList.app; sourceTree = BUILT_PRODUCTS_DIR; };
		B0A3026B1C349F7A00F6FB44 /* AppDelegate.swift */ = {isa = PBXFileReference; lastKnownFileType = sourcecode.swift; path = AppDelegate.swift; sourceTree = "<group>"; };
		B0A302701C349F7A00F6FB44 /* Base */ = {isa = PBXFileReference; lastKnownFileType = file.storyboard; name = Base; path = Base.lproj/Main.storyboard; sourceTree = "<group>"; };
		B0A302721C349F7A00F6FB44 /* Assets.xcassets */ = {isa = PBXFileReference; lastKnownFileType = folder.assetcatalog; path = Assets.xcassets; sourceTree = "<group>"; };
		B0A302751C349F7A00F6FB44 /* Base */ = {isa = PBXFileReference; lastKnownFileType = file.storyboard; name = Base; path = Base.lproj/LaunchScreen.storyboard; sourceTree = "<group>"; };
		B0A302771C349F7A00F6FB44 /* Info.plist */ = {isa = PBXFileReference; lastKnownFileType = text.plist.xml; path = Info.plist; sourceTree = "<group>"; };
		B0A3027D1C34A1C800F6FB44 /* ListViewController.swift */ = {isa = PBXFileReference; fileEncoding = 4; lastKnownFileType = sourcecode.swift; path = ListViewController.swift; sourceTree = "<group>"; };
		B0A3027F1C34A31C00F6FB44 /* ItemViewController.swift */ = {isa = PBXFileReference; fileEncoding = 4; lastKnownFileType = sourcecode.swift; path = ItemViewController.swift; sourceTree = "<group>"; };
		B0A302871C35915B00F6FB44 /* ListData.swift */ = {isa = PBXFileReference; fileEncoding = 4; lastKnownFileType = sourcecode.swift; path = ListData.swift; sourceTree = "<group>"; };
		B0EC54D51CBFF5BD0017553B /* RealListProducts.swift */ = {isa = PBXFileReference; fileEncoding = 4; lastKnownFileType = sourcecode.swift; path = RealListProducts.swift; sourceTree = "<group>"; };
		B0EC54D71CBFF7100017553B /* IAPHelper.swift */ = {isa = PBXFileReference; fileEncoding = 4; lastKnownFileType = sourcecode.swift; name = IAPHelper.swift; path = ../IAPHelper.swift; sourceTree = "<group>"; };
		B0FF8C341C4AE2B000C0A33C /* AddItemCell.swift */ = {isa = PBXFileReference; fileEncoding = 4; lastKnownFileType = sourcecode.swift; path = AddItemCell.swift; sourceTree = "<group>"; };
		B0FF8C361C4AE58900C0A33C /* AddListCell.swift */ = {isa = PBXFileReference; fileEncoding = 4; lastKnownFileType = sourcecode.swift; path = AddListCell.swift; sourceTree = "<group>"; };
/* End PBXFileReference section */

/* Begin PBXFrameworksBuildPhase section */
		B0A302651C349F7A00F6FB44 /* Frameworks */ = {
			isa = PBXFrameworksBuildPhase;
			buildActionMask = 2147483647;
			files = (
				B02BBCEE1CA7069F00030822 /* StoreKit.framework in Frameworks */,
				B0930D5E1C63C951007EBAA0 /* iAd.framework in Frameworks */,
				B07CCC7B1CA1985A00CBCFC1 /* CloudKit.framework in Frameworks */,
			);
			runOnlyForDeploymentPostprocessing = 0;
		};
/* End PBXFrameworksBuildPhase section */

/* Begin PBXGroup section */
		B0A3025F1C349F7A00F6FB44 = {
			isa = PBXGroup;
			children = (
				B02BBCED1CA7069F00030822 /* StoreKit.framework */,
				B07CCC7A1CA1985A00CBCFC1 /* CloudKit.framework */,
				B0930D5D1C63C951007EBAA0 /* iAd.framework */,
				B0A3026A1C349F7A00F6FB44 /* EnList */,
				B0A302691C349F7A00F6FB44 /* Products */,
			);
			sourceTree = "<group>";
		};
		B0A302691C349F7A00F6FB44 /* Products */ = {
			isa = PBXGroup;
			children = (
				B0A302681C349F7A00F6FB44 /* EnList.app */,
			);
			name = Products;
			sourceTree = "<group>";
		};
		B0A3026A1C349F7A00F6FB44 /* EnList */ = {
			isa = PBXGroup;
			children = (
				B07CCC791CA197E700CBCFC1 /* EnList.entitlements */,
				B0A3026B1C349F7A00F6FB44 /* AppDelegate.swift */,
				B0A302871C35915B00F6FB44 /* ListData.swift */,
				B07828971C36000B009D356F /* ListCell.swift */,
				B0854A881C3895DA00B9D2F7 /* CategoryCell.swift */,
				B0FF8C341C4AE2B000C0A33C /* AddItemCell.swift */,
				B0FF8C361C4AE58900C0A33C /* AddListCell.swift */,
				B06836A11CAB1A7200422742 /* AddButton.swift */,
				B07828991C360020009D356F /* ItemCell.swift */,
				B07AB8A11C6BCF99001F8F81 /* CheckBox.swift */,
				B0A3027D1C34A1C800F6FB44 /* ListViewController.swift */,
				B0A3027F1C34A31C00F6FB44 /* ItemViewController.swift */,
				B03C467A1C66F21400B66CBD /* ItemDetailViewController.swift */,
				B03C467E1C66F3BA00B66CBD /* ItemDetailTransitioningDelegate.swift */,
				B03C467C1C66F34D00B66CBD /* ItemDetailPresentationController.swift */,
				B03C46801C66F43800B66CBD /* ItemDetailAnimatedTransitioning.swift */,
				B0930D691C652DA5007EBAA0 /* SettingsViewController.swift */,
				B0930D6F1C652E3E007EBAA0 /* SettingsTransitioningDelegate.swift */,
				B0930D6B1C652DE9007EBAA0 /* SettingsPresentationController.swift */,
				B0930D6D1C652E16007EBAA0 /* SettingsAnimatedTransitioning.swift */,
				B07CCC7C1CA1A76500CBCFC1 /* AboutViewController.swift */,
				B07CCC7D1CA1A76500CBCFC1 /* AboutViewController.xib */,
				B0A1BCD91CC2C6C700F4F0B1 /* AppSettingsViewController.swift */,
				B0A1BCDA1CC2C6C700F4F0B1 /* AppSettingsViewController.xib */,
				B0A1BCDD1CC4142700F4F0B1 /* UpgradeViewController.swift */,
				B0A1BCDE1CC4142700F4F0B1 /* UpgradeViewController.xib */,
				B0EC54D71CBFF7100017553B /* IAPHelper.swift */,
				B0EC54D51CBFF5BD0017553B /* RealListProducts.swift */,
				B0A3026F1C349F7A00F6FB44 /* Main.storyboard */,
				B0A302721C349F7A00F6FB44 /* Assets.xcassets */,
				B02174D41C6D57110087D5A3 /* Localizable.strings */,
				B0A302741C349F7A00F6FB44 /* LaunchScreen.storyboard */,
				B0A302771C349F7A00F6FB44 /* Info.plist */,
				B0026FDB1CA5AE2800DA1785 /* EnList_Development_Profile.mobileprovision */,
			);
			name = EnList;
			path = ListApp;
			sourceTree = "<group>";
		};
/* End PBXGroup section */

/* Begin PBXNativeTarget section */
		B0A302671C349F7A00F6FB44 /* EnList */ = {
			isa = PBXNativeTarget;
			buildConfigurationList = B0A3027A1C349F7A00F6FB44 /* Build configuration list for PBXNativeTarget "EnList" */;
			buildPhases = (
				B0A302641C349F7A00F6FB44 /* Sources */,
				B0A302651C349F7A00F6FB44 /* Frameworks */,
				B0A302661C349F7A00F6FB44 /* Resources */,
			);
			buildRules = (
			);
			dependencies = (
			);
			name = EnList;
			productName = ListApp;
			productReference = B0A302681C349F7A00F6FB44 /* EnList.app */;
			productType = "com.apple.product-type.application";
		};
/* End PBXNativeTarget section */

/* Begin PBXProject section */
		B0A302601C349F7A00F6FB44 /* Project object */ = {
			isa = PBXProject;
			attributes = {
				LastSwiftUpdateCheck = 0720;
				LastUpgradeCheck = 0720;
				ORGANIZATIONNAME = "Steven Gentry";
				TargetAttributes = {
					B0A302671C349F7A00F6FB44 = {
						CreatedOnToolsVersion = 7.2;
						DevelopmentTeam = R6ERNS2DRK;
						SystemCapabilities = {
							com.apple.BackgroundModes = {
								enabled = 0;
							};
							com.apple.InAppPurchase = {
								enabled = 1;
							};
							com.apple.Push = {
								enabled = 1;
							};
							com.apple.iCloud = {
								enabled = 1;
							};
						};
					};
				};
			};
			buildConfigurationList = B0A302631C349F7A00F6FB44 /* Build configuration list for PBXProject "EnList" */;
			compatibilityVersion = "Xcode 3.2";
			developmentRegion = English;
			hasScannedForEncodings = 0;
			knownRegions = (
				en,
				Base,
				fr,
				de,
				es,
				it,
				ko,
				ja,
				"zh-Hans",
				da,
				nl,
				fi,
				nb,
				sv,
				ru,
				pl,
				he,
				el,
				ar,
				"pt-BR",
				ms,
			);
			mainGroup = B0A3025F1C349F7A00F6FB44;
			productRefGroup = B0A302691C349F7A00F6FB44 /* Products */;
			projectDirPath = "";
			projectRoot = "";
			targets = (
				B0A302671C349F7A00F6FB44 /* EnList */,
			);
		};
/* End PBXProject section */

/* Begin PBXResourcesBuildPhase section */
		B0A302661C349F7A00F6FB44 /* Resources */ = {
			isa = PBXResourcesBuildPhase;
			buildActionMask = 2147483647;
			files = (
				B0A1BCE01CC4142700F4F0B1 /* UpgradeViewController.xib in Resources */,
				B0A302761C349F7A00F6FB44 /* LaunchScreen.storyboard in Resources */,
				B02174D21C6D57110087D5A3 /* Localizable.strings in Resources */,
				B0A302731C349F7A00F6FB44 /* Assets.xcassets in Resources */,
				B0A1BCDC1CC2C6C700F4F0B1 /* AppSettingsViewController.xib in Resources */,
				B0A302711C349F7A00F6FB44 /* Main.storyboard in Resources */,
				B07CCC7F1CA1A76500CBCFC1 /* AboutViewController.xib in Resources */,
			);
			runOnlyForDeploymentPostprocessing = 0;
		};
/* End PBXResourcesBuildPhase section */

/* Begin PBXSourcesBuildPhase section */
		B0A302641C349F7A00F6FB44 /* Sources */ = {
			isa = PBXSourcesBuildPhase;
			buildActionMask = 2147483647;
			files = (
				B0930D6A1C652DA5007EBAA0 /* SettingsViewController.swift in Sources */,
				B0FF8C371C4AE58900C0A33C /* AddListCell.swift in Sources */,
				B03C467D1C66F34D00B66CBD /* ItemDetailPresentationController.swift in Sources */,
				B0930D701C652E3E007EBAA0 /* SettingsTransitioningDelegate.swift in Sources */,
				B0930D6E1C652E16007EBAA0 /* SettingsAnimatedTransitioning.swift in Sources */,
				B03C467B1C66F21400B66CBD /* ItemDetailViewController.swift in Sources */,
				B07AB8A21C6BCF99001F8F81 /* CheckBox.swift in Sources */,
				B0A302881C35915B00F6FB44 /* ListData.swift in Sources */,
				B0EC54D61CBFF5BD0017553B /* RealListProducts.swift in Sources */,
				B03C46811C66F43800B66CBD /* ItemDetailAnimatedTransitioning.swift in Sources */,
				B0A3026C1C349F7A00F6FB44 /* AppDelegate.swift in Sources */,
				B0854A891C3895DA00B9D2F7 /* CategoryCell.swift in Sources */,
				B07828981C36000B009D356F /* ListCell.swift in Sources */,
				B0A1BCDF1CC4142700F4F0B1 /* UpgradeViewController.swift in Sources */,
				B0A1BCDB1CC2C6C700F4F0B1 /* AppSettingsViewController.swift in Sources */,
				B078289A1C360020009D356F /* ItemCell.swift in Sources */,
				B0EC54D81CBFF7100017553B /* IAPHelper.swift in Sources */,
				B0FF8C351C4AE2B000C0A33C /* AddItemCell.swift in Sources */,
				B06836A21CAB1A7200422742 /* AddButton.swift in Sources */,
				B0A3027E1C34A1C800F6FB44 /* ListViewController.swift in Sources */,
				B0930D6C1C652DE9007EBAA0 /* SettingsPresentationController.swift in Sources */,
				B0A302801C34A31C00F6FB44 /* ItemViewController.swift in Sources */,
				B07CCC7E1CA1A76500CBCFC1 /* AboutViewController.swift in Sources */,
				B03C467F1C66F3BA00B66CBD /* ItemDetailTransitioningDelegate.swift in Sources */,
			);
			runOnlyForDeploymentPostprocessing = 0;
		};
/* End PBXSourcesBuildPhase section */

/* Begin PBXVariantGroup section */
		B02174D41C6D57110087D5A3 /* Localizable.strings */ = {
			isa = PBXVariantGroup;
			children = (
				B02174D31C6D57110087D5A3 /* en */,
				B02174D51C6D571D0087D5A3 /* fr */,
				B02174D61C6D571E0087D5A3 /* de */,
				B02174D91C6D7D2F0087D5A3 /* es */,
				B02174DC1C6D7D380087D5A3 /* it */,
				B02174DF1C6D7D560087D5A3 /* ko */,
				B02174E21C6D7D5F0087D5A3 /* ja */,
				B02174E51C6D7D9C0087D5A3 /* zh-Hans */,
				B02174E81C6D7DB90087D5A3 /* da */,
				B02174EB1C6D7DC20087D5A3 /* nl */,
				B02174EE1C6D7DC70087D5A3 /* fi */,
				B02174F11C6D7DD20087D5A3 /* nb */,
				B02174F41C6D7DD90087D5A3 /* sv */,
				B02174F71C6D7DDD0087D5A3 /* ru */,
				B02174FA1C6D7DE20087D5A3 /* pl */,
				B02174FD1C6D7DEE0087D5A3 /* he */,
				B02175001C6D7DF80087D5A3 /* el */,
				B02175031C6D7E070087D5A3 /* ar */,
				B021751E1C6D7F4D0087D5A3 /* pt-BR */,
				B02175211C6E46830087D5A3 /* ms */,
			);
			name = Localizable.strings;
			path = ..;
			sourceTree = "<group>";
		};
		B0A3026F1C349F7A00F6FB44 /* Main.storyboard */ = {
			isa = PBXVariantGroup;
			children = (
				B0A302701C349F7A00F6FB44 /* Base */,
				B02174CC1C6D52B20087D5A3 /* fr */,
				B02174CE1C6D52B80087D5A3 /* de */,
				B02174D71C6D7D2F0087D5A3 /* es */,
				B02174DA1C6D7D370087D5A3 /* it */,
				B02174DD1C6D7D560087D5A3 /* ko */,
				B02174E01C6D7D5F0087D5A3 /* ja */,
				B02174E31C6D7D9C0087D5A3 /* zh-Hans */,
				B02174E61C6D7DB90087D5A3 /* da */,
				B02174E91C6D7DC20087D5A3 /* nl */,
				B02174EC1C6D7DC70087D5A3 /* fi */,
				B02174EF1C6D7DD20087D5A3 /* nb */,
				B02174F21C6D7DD90087D5A3 /* sv */,
				B02174F51C6D7DDD0087D5A3 /* ru */,
				B02174F81C6D7DE20087D5A3 /* pl */,
				B02174FB1C6D7DEE0087D5A3 /* he */,
				B02174FE1C6D7DF80087D5A3 /* el */,
				B02175011C6D7E070087D5A3 /* ar */,
				B021751C1C6D7F4C0087D5A3 /* pt-BR */,
				B021751F1C6E46830087D5A3 /* ms */,
			);
			name = Main.storyboard;
			sourceTree = "<group>";
		};
		B0A302741C349F7A00F6FB44 /* LaunchScreen.storyboard */ = {
			isa = PBXVariantGroup;
			children = (
				B0A302751C349F7A00F6FB44 /* Base */,
				B02174CD1C6D52B20087D5A3 /* fr */,
				B02174CF1C6D52B80087D5A3 /* de */,
				B02174D81C6D7D2F0087D5A3 /* es */,
				B02174DB1C6D7D370087D5A3 /* it */,
				B02174DE1C6D7D560087D5A3 /* ko */,
				B02174E11C6D7D5F0087D5A3 /* ja */,
				B02174E41C6D7D9C0087D5A3 /* zh-Hans */,
				B02174E71C6D7DB90087D5A3 /* da */,
				B02174EA1C6D7DC20087D5A3 /* nl */,
				B02174ED1C6D7DC70087D5A3 /* fi */,
				B02174F01C6D7DD20087D5A3 /* nb */,
				B02174F31C6D7DD90087D5A3 /* sv */,
				B02174F61C6D7DDD0087D5A3 /* ru */,
				B02174F91C6D7DE20087D5A3 /* pl */,
				B02174FC1C6D7DEE0087D5A3 /* he */,
				B02174FF1C6D7DF80087D5A3 /* el */,
				B02175021C6D7E070087D5A3 /* ar */,
				B021751D1C6D7F4D0087D5A3 /* pt-BR */,
				B02175201C6E46830087D5A3 /* ms */,
			);
			name = LaunchScreen.storyboard;
			sourceTree = "<group>";
		};
/* End PBXVariantGroup section */

/* Begin XCBuildConfiguration section */
		B0A302781C349F7A00F6FB44 /* Debug */ = {
			isa = XCBuildConfiguration;
			buildSettings = {
				ALWAYS_SEARCH_USER_PATHS = NO;
				CLANG_CXX_LANGUAGE_STANDARD = "gnu++0x";
				CLANG_CXX_LIBRARY = "libc++";
				CLANG_ENABLE_MODULES = YES;
				CLANG_ENABLE_OBJC_ARC = YES;
				CLANG_WARN_BOOL_CONVERSION = YES;
				CLANG_WARN_CONSTANT_CONVERSION = YES;
				CLANG_WARN_DIRECT_OBJC_ISA_USAGE = YES_ERROR;
				CLANG_WARN_EMPTY_BODY = YES;
				CLANG_WARN_ENUM_CONVERSION = YES;
				CLANG_WARN_INT_CONVERSION = YES;
				CLANG_WARN_OBJC_ROOT_CLASS = YES_ERROR;
				CLANG_WARN_UNREACHABLE_CODE = YES;
				CLANG_WARN__DUPLICATE_METHOD_MATCH = YES;
				"CODE_SIGN_IDENTITY[sdk=iphoneos*]" = "iPhone Developer";
				COPY_PHASE_STRIP = NO;
				DEBUG_INFORMATION_FORMAT = dwarf;
				ENABLE_STRICT_OBJC_MSGSEND = YES;
				ENABLE_TESTABILITY = YES;
				GCC_C_LANGUAGE_STANDARD = gnu99;
				GCC_DYNAMIC_NO_PIC = NO;
				GCC_NO_COMMON_BLOCKS = YES;
				GCC_OPTIMIZATION_LEVEL = 0;
				GCC_PREPROCESSOR_DEFINITIONS = (
					"DEBUG=1",
					"$(inherited)",
				);
				GCC_WARN_64_TO_32_BIT_CONVERSION = YES;
				GCC_WARN_ABOUT_RETURN_TYPE = YES_ERROR;
				GCC_WARN_UNDECLARED_SELECTOR = YES;
				GCC_WARN_UNINITIALIZED_AUTOS = YES_AGGRESSIVE;
				GCC_WARN_UNUSED_FUNCTION = YES;
				GCC_WARN_UNUSED_VARIABLE = YES;
				IPHONEOS_DEPLOYMENT_TARGET = 9.2;
				MTL_ENABLE_DEBUG_INFO = YES;
				ONLY_ACTIVE_ARCH = YES;
				SDKROOT = iphoneos;
				SWIFT_OPTIMIZATION_LEVEL = "-Onone";
				TARGETED_DEVICE_FAMILY = "1,2";
			};
			name = Debug;
		};
		B0A302791C349F7A00F6FB44 /* Release */ = {
			isa = XCBuildConfiguration;
			buildSettings = {
				ALWAYS_SEARCH_USER_PATHS = NO;
				CLANG_CXX_LANGUAGE_STANDARD = "gnu++0x";
				CLANG_CXX_LIBRARY = "libc++";
				CLANG_ENABLE_MODULES = YES;
				CLANG_ENABLE_OBJC_ARC = YES;
				CLANG_WARN_BOOL_CONVERSION = YES;
				CLANG_WARN_CONSTANT_CONVERSION = YES;
				CLANG_WARN_DIRECT_OBJC_ISA_USAGE = YES_ERROR;
				CLANG_WARN_EMPTY_BODY = YES;
				CLANG_WARN_ENUM_CONVERSION = YES;
				CLANG_WARN_INT_CONVERSION = YES;
				CLANG_WARN_OBJC_ROOT_CLASS = YES_ERROR;
				CLANG_WARN_UNREACHABLE_CODE = YES;
				CLANG_WARN__DUPLICATE_METHOD_MATCH = YES;
				"CODE_SIGN_IDENTITY[sdk=iphoneos*]" = "iPhone Developer";
				COPY_PHASE_STRIP = NO;
				DEBUG_INFORMATION_FORMAT = "dwarf-with-dsym";
				ENABLE_NS_ASSERTIONS = NO;
				ENABLE_STRICT_OBJC_MSGSEND = YES;
				GCC_C_LANGUAGE_STANDARD = gnu99;
				GCC_NO_COMMON_BLOCKS = YES;
				GCC_WARN_64_TO_32_BIT_CONVERSION = YES;
				GCC_WARN_ABOUT_RETURN_TYPE = YES_ERROR;
				GCC_WARN_UNDECLARED_SELECTOR = YES;
				GCC_WARN_UNINITIALIZED_AUTOS = YES_AGGRESSIVE;
				GCC_WARN_UNUSED_FUNCTION = YES;
				GCC_WARN_UNUSED_VARIABLE = YES;
				IPHONEOS_DEPLOYMENT_TARGET = 9.2;
				MTL_ENABLE_DEBUG_INFO = NO;
				ONLY_ACTIVE_ARCH = NO;
				SDKROOT = iphoneos;
				TARGETED_DEVICE_FAMILY = "1,2";
				VALIDATE_PRODUCT = YES;
			};
			name = Release;
		};
		B0A3027B1C349F7A00F6FB44 /* Debug */ = {
			isa = XCBuildConfiguration;
			buildSettings = {
				ASSETCATALOG_COMPILER_APPICON_NAME = AppIcon;
				CODE_SIGN_ENTITLEMENTS = EnList.entitlements;
				CODE_SIGN_IDENTITY = "iPhone Developer";
				"CODE_SIGN_IDENTITY[sdk=iphoneos*]" = "iPhone Developer";
				INFOPLIST_FILE = ListApp/Info.plist;
				LD_RUNPATH_SEARCH_PATHS = "$(inherited) @executable_path/Frameworks";
				PRODUCT_BUNDLE_IDENTIFIER = com.segnetix.realList;
				PRODUCT_NAME = EnList;
				PROVISIONING_PROFILE = "";
			};
			name = Debug;
		};
		B0A3027C1C349F7A00F6FB44 /* Release */ = {
			isa = XCBuildConfiguration;
			buildSettings = {
				ASSETCATALOG_COMPILER_APPICON_NAME = AppIcon;
				CODE_SIGN_ENTITLEMENTS = EnList.entitlements;
				CODE_SIGN_IDENTITY = "iPhone Developer";
				"CODE_SIGN_IDENTITY[sdk=iphoneos*]" = "iPhone Developer";
				INFOPLIST_FILE = ListApp/Info.plist;
				LD_RUNPATH_SEARCH_PATHS = "$(inherited) @executable_path/Frameworks";
				PRODUCT_BUNDLE_IDENTIFIER = com.segnetix.realList;
				PRODUCT_NAME = EnList;
				PROVISIONING_PROFILE = "";
			};
			name = Release;
		};
/* End XCBuildConfiguration section */

/* Begin XCConfigurationList section */
		B0A302631C349F7A00F6FB44 /* Build configuration list for PBXProject "EnList" */ = {
			isa = XCConfigurationList;
			buildConfigurations = (
				B0A302781C349F7A00F6FB44 /* Debug */,
				B0A302791C349F7A00F6FB44 /* Release */,
			);
			defaultConfigurationIsVisible = 0;
			defaultConfigurationName = Release;
		};
		B0A3027A1C349F7A00F6FB44 /* Build configuration list for PBXNativeTarget "EnList" */ = {
			isa = XCConfigurationList;
			buildConfigurations = (
				B0A3027B1C349F7A00F6FB44 /* Debug */,
				B0A3027C1C349F7A00F6FB44 /* Release */,
			);
			defaultConfigurationIsVisible = 0;
			defaultConfigurationName = Release;
		};
/* End XCConfigurationList section */
	};
	rootObject = B0A302601C349F7A00F6FB44 /* Project object */;
}
